// !$*UTF8*$!
{
	archiveVersion = 1;
	classes = {
	};
	objectVersion = 56;
	objects = {

/* Begin PBXBuildFile section */
		53B3A84C292F7926005FD290 /* WeatherClient.swift in Sources */ = {isa = PBXBuildFile; fileRef = 53B3A84B292F7926005FD290 /* WeatherClient.swift */; };
		53C10B072926713B00459229 /* NumberFactView.swift in Sources */ = {isa = PBXBuildFile; fileRef = 53C10B062926713B00459229 /* NumberFactView.swift */; };
		53D38E4D292235E0008F3C69 /* TCA_PracticeApp.swift in Sources */ = {isa = PBXBuildFile; fileRef = 53D38E4C292235E0008F3C69 /* TCA_PracticeApp.swift */; };
		53D38E4F292235E0008F3C69 /* RootView.swift in Sources */ = {isa = PBXBuildFile; fileRef = 53D38E4E292235E0008F3C69 /* RootView.swift */; };
		53D38E51292235E1008F3C69 /* Assets.xcassets in Resources */ = {isa = PBXBuildFile; fileRef = 53D38E50292235E1008F3C69 /* Assets.xcassets */; };
		53D38E54292235E1008F3C69 /* Preview Assets.xcassets in Resources */ = {isa = PBXBuildFile; fileRef = 53D38E53292235E1008F3C69 /* Preview Assets.xcassets */; };
		53D38E5E2923CFE9008F3C69 /* ComposableArchitecture in Frameworks */ = {isa = PBXBuildFile; productRef = 53D38E5D2923CFE9008F3C69 /* ComposableArchitecture */; };
		53D38E602923CFE9008F3C69 /* Dependencies in Frameworks */ = {isa = PBXBuildFile; productRef = 53D38E5F2923CFE9008F3C69 /* Dependencies */; };
		53D38E662923D32E008F3C69 /* CounterView.swift in Sources */ = {isa = PBXBuildFile; fileRef = 53D38E652923D32E008F3C69 /* CounterView.swift */; };
		53D38E682924C9CB008F3C69 /* Core.swift in Sources */ = {isa = PBXBuildFile; fileRef = 53D38E672924C9CB008F3C69 /* Core.swift */; };
		53D38E6A2924EFB1008F3C69 /* EffectsCancellationView.swift in Sources */ = {isa = PBXBuildFile; fileRef = 53D38E692924EFB1008F3C69 /* EffectsCancellationView.swift */; };
		53D38E6C292524D8008F3C69 /* FactClient.swift in Sources */ = {isa = PBXBuildFile; fileRef = 53D38E6B292524D8008F3C69 /* FactClient.swift */; };
/* End PBXBuildFile section */

/* Begin PBXFileReference section */
		53B3A84A292E5613005FD290 /* TCA-Practice-Info.plist */ = {isa = PBXFileReference; lastKnownFileType = text.plist; path = "TCA-Practice-Info.plist"; sourceTree = SOURCE_ROOT; };
		53B3A84B292F7926005FD290 /* WeatherClient.swift */ = {isa = PBXFileReference; lastKnownFileType = sourcecode.swift; path = WeatherClient.swift; sourceTree = "<group>"; };
		53C10B062926713B00459229 /* NumberFactView.swift */ = {isa = PBXFileReference; lastKnownFileType = sourcecode.swift; path = NumberFactView.swift; sourceTree = "<group>"; };
		53D38E49292235E0008F3C69 /* TCA_Practice.app */ = {isa = PBXFileReference; explicitFileType = wrapper.application; includeInIndex = 0; path = TCA_Practice.app; sourceTree = BUILT_PRODUCTS_DIR; };
		53D38E4C292235E0008F3C69 /* TCA_PracticeApp.swift */ = {isa = PBXFileReference; lastKnownFileType = sourcecode.swift; path = TCA_PracticeApp.swift; sourceTree = "<group>"; };
		53D38E4E292235E0008F3C69 /* RootView.swift */ = {isa = PBXFileReference; lastKnownFileType = sourcecode.swift; path = RootView.swift; sourceTree = "<group>"; };
		53D38E50292235E1008F3C69 /* Assets.xcassets */ = {isa = PBXFileReference; lastKnownFileType = folder.assetcatalog; path = Assets.xcassets; sourceTree = "<group>"; };
		53D38E53292235E1008F3C69 /* Preview Assets.xcassets */ = {isa = PBXFileReference; lastKnownFileType = folder.assetcatalog; path = "Preview Assets.xcassets"; sourceTree = "<group>"; };
		53D38E652923D32E008F3C69 /* CounterView.swift */ = {isa = PBXFileReference; lastKnownFileType = sourcecode.swift; path = CounterView.swift; sourceTree = "<group>"; };
		53D38E672924C9CB008F3C69 /* Core.swift */ = {isa = PBXFileReference; lastKnownFileType = sourcecode.swift; path = Core.swift; sourceTree = "<group>"; };
		53D38E692924EFB1008F3C69 /* EffectsCancellationView.swift */ = {isa = PBXFileReference; lastKnownFileType = sourcecode.swift; path = EffectsCancellationView.swift; sourceTree = "<group>"; };
		53D38E6B292524D8008F3C69 /* FactClient.swift */ = {isa = PBXFileReference; lastKnownFileType = sourcecode.swift; path = FactClient.swift; sourceTree = "<group>"; };
/* End PBXFileReference section */

/* Begin PBXFrameworksBuildPhase section */
		53D38E46292235E0008F3C69 /* Frameworks */ = {
			isa = PBXFrameworksBuildPhase;
			buildActionMask = 2147483647;
			files = (
				53D38E5E2923CFE9008F3C69 /* ComposableArchitecture in Frameworks */,
				53D38E602923CFE9008F3C69 /* Dependencies in Frameworks */,
			);
			runOnlyForDeploymentPostprocessing = 0;
		};
/* End PBXFrameworksBuildPhase section */

/* Begin PBXGroup section */
		53D38E40292235E0008F3C69 = {
			isa = PBXGroup;
			children = (
				53D38E4B292235E0008F3C69 /* TCA_Practice */,
				53D38E4A292235E0008F3C69 /* Products */,
			);
			sourceTree = "<group>";
		};
		53D38E4A292235E0008F3C69 /* Products */ = {
			isa = PBXGroup;
			children = (
				53D38E49292235E0008F3C69 /* TCA_Practice.app */,
			);
			name = Products;
			sourceTree = "<group>";
		};
		53D38E4B292235E0008F3C69 /* TCA_Practice */ = {
			isa = PBXGroup;
			children = (
				53B3A84A292E5613005FD290 /* TCA-Practice-Info.plist */,
				53D38E4C292235E0008F3C69 /* TCA_PracticeApp.swift */,
				53D38E672924C9CB008F3C69 /* Core.swift */,
				53D38E4E292235E0008F3C69 /* RootView.swift */,
				53D38E652923D32E008F3C69 /* CounterView.swift */,
				53D38E692924EFB1008F3C69 /* EffectsCancellationView.swift */,
				53C10B062926713B00459229 /* NumberFactView.swift */,
				53B3A84B292F7926005FD290 /* WeatherClient.swift */,
				53D38E6B292524D8008F3C69 /* FactClient.swift */,
				53D38E50292235E1008F3C69 /* Assets.xcassets */,
				53D38E52292235E1008F3C69 /* Preview Content */,
			);
			path = TCA_Practice;
			sourceTree = "<group>";
		};
		53D38E52292235E1008F3C69 /* Preview Content */ = {
			isa = PBXGroup;
			children = (
				53D38E53292235E1008F3C69 /* Preview Assets.xcassets */,
			);
			path = "Preview Content";
			sourceTree = "<group>";
		};
/* End PBXGroup section */

/* Begin PBXNativeTarget section */
		53D38E48292235E0008F3C69 /* TCA_Practice */ = {
			isa = PBXNativeTarget;
			buildConfigurationList = 53D38E57292235E1008F3C69 /* Build configuration list for PBXNativeTarget "TCA_Practice" */;
			buildPhases = (
				53D38E45292235E0008F3C69 /* Sources */,
				53D38E46292235E0008F3C69 /* Frameworks */,
				53D38E47292235E0008F3C69 /* Resources */,
			);
			buildRules = (
			);
			dependencies = (
			);
			name = TCA_Practice;
			packageProductDependencies = (
				53D38E5D2923CFE9008F3C69 /* ComposableArchitecture */,
				53D38E5F2923CFE9008F3C69 /* Dependencies */,
			);
			productName = TCA_Practice;
			productReference = 53D38E49292235E0008F3C69 /* TCA_Practice.app */;
			productType = "com.apple.product-type.application";
		};
/* End PBXNativeTarget section */

/* Begin PBXProject section */
		53D38E41292235E0008F3C69 /* Project object */ = {
			isa = PBXProject;
			attributes = {
				BuildIndependentTargetsInParallel = 1;
				LastSwiftUpdateCheck = 1410;
				LastUpgradeCheck = 1410;
				TargetAttributes = {
					53D38E48292235E0008F3C69 = {
						CreatedOnToolsVersion = 14.1;
					};
				};
			};
			buildConfigurationList = 53D38E44292235E0008F3C69 /* Build configuration list for PBXProject "TCA_Practice" */;
			compatibilityVersion = "Xcode 14.0";
			developmentRegion = en;
			hasScannedForEncodings = 0;
			knownRegions = (
				en,
				Base,
			);
			mainGroup = 53D38E40292235E0008F3C69;
			packageReferences = (
				53D38E5C2923CFE9008F3C69 /* XCRemoteSwiftPackageReference "swift-composable-architecture" */,
			);
			productRefGroup = 53D38E4A292235E0008F3C69 /* Products */;
			projectDirPath = "";
			projectRoot = "";
			targets = (
				53D38E48292235E0008F3C69 /* TCA_Practice */,
			);
		};
/* End PBXProject section */

/* Begin PBXResourcesBuildPhase section */
		53D38E47292235E0008F3C69 /* Resources */ = {
			isa = PBXResourcesBuildPhase;
			buildActionMask = 2147483647;
			files = (
				53D38E54292235E1008F3C69 /* Preview Assets.xcassets in Resources */,
				53D38E51292235E1008F3C69 /* Assets.xcassets in Resources */,
			);
			runOnlyForDeploymentPostprocessing = 0;
		};
/* End PBXResourcesBuildPhase section */

/* Begin PBXSourcesBuildPhase section */
		53D38E45292235E0008F3C69 /* Sources */ = {
			isa = PBXSourcesBuildPhase;
			buildActionMask = 2147483647;
			files = (
				53B3A84C292F7926005FD290 /* WeatherClient.swift in Sources */,
				53D38E6C292524D8008F3C69 /* FactClient.swift in Sources */,
				53D38E6A2924EFB1008F3C69 /* EffectsCancellationView.swift in Sources */,
				53C10B072926713B00459229 /* NumberFactView.swift in Sources */,
				53D38E4F292235E0008F3C69 /* RootView.swift in Sources */,
				53D38E4D292235E0008F3C69 /* TCA_PracticeApp.swift in Sources */,
				53D38E682924C9CB008F3C69 /* Core.swift in Sources */,
				53D38E662923D32E008F3C69 /* CounterView.swift in Sources */,
			);
			runOnlyForDeploymentPostprocessing = 0;
		};
/* End PBXSourcesBuildPhase section */

/* Begin XCBuildConfiguration section */
		53D38E55292235E1008F3C69 /* Debug */ = {
			isa = XCBuildConfiguration;
			buildSettings = {
				ALWAYS_SEARCH_USER_PATHS = NO;
				CLANG_ANALYZER_NONNULL = YES;
				CLANG_ANALYZER_NUMBER_OBJECT_CONVERSION = YES_AGGRESSIVE;
				CLANG_CXX_LANGUAGE_STANDARD = "gnu++20";
				CLANG_ENABLE_MODULES = YES;
				CLANG_ENABLE_OBJC_ARC = YES;
				CLANG_ENABLE_OBJC_WEAK = YES;
				CLANG_WARN_BLOCK_CAPTURE_AUTORELEASING = YES;
				CLANG_WARN_BOOL_CONVERSION = YES;
				CLANG_WARN_COMMA = YES;
				CLANG_WARN_CONSTANT_CONVERSION = YES;
				CLANG_WARN_DEPRECATED_OBJC_IMPLEMENTATIONS = YES;
				CLANG_WARN_DIRECT_OBJC_ISA_USAGE = YES_ERROR;
				CLANG_WARN_DOCUMENTATION_COMMENTS = YES;
				CLANG_WARN_EMPTY_BODY = YES;
				CLANG_WARN_ENUM_CONVERSION = YES;
				CLANG_WARN_INFINITE_RECURSION = YES;
				CLANG_WARN_INT_CONVERSION = YES;
				CLANG_WARN_NON_LITERAL_NULL_CONVERSION = YES;
				CLANG_WARN_OBJC_IMPLICIT_RETAIN_SELF = YES;
				CLANG_WARN_OBJC_LITERAL_CONVERSION = YES;
				CLANG_WARN_OBJC_ROOT_CLASS = YES_ERROR;
				CLANG_WARN_QUOTED_INCLUDE_IN_FRAMEWORK_HEADER = YES;
				CLANG_WARN_RANGE_LOOP_ANALYSIS = YES;
				CLANG_WARN_STRICT_PROTOTYPES = YES;
				CLANG_WARN_SUSPICIOUS_MOVE = YES;
				CLANG_WARN_UNGUARDED_AVAILABILITY = YES_AGGRESSIVE;
				CLANG_WARN_UNREACHABLE_CODE = YES;
				CLANG_WARN__DUPLICATE_METHOD_MATCH = YES;
				COPY_PHASE_STRIP = NO;
				DEBUG_INFORMATION_FORMAT = dwarf;
				ENABLE_STRICT_OBJC_MSGSEND = YES;
				ENABLE_TESTABILITY = YES;
				GCC_C_LANGUAGE_STANDARD = gnu11;
				GCC_DYNAMIC_NO_PIC = NO;
				GCC_NO_COMMON_BLOCKS = YES;
				GCC_OPTIMIZATION_LEVEL = 0;
				GCC_PREPROCESSOR_DEFINITIONS = (
					"DEBUG=1",
					"$(inherited)",
				);
				GCC_WARN_64_TO_32_BIT_CONVERSION = YES;
				GCC_WARN_ABOUT_RETURN_TYPE = YES_ERROR;
				GCC_WARN_UNDECLARED_SELECTOR = YES;
				GCC_WARN_UNINITIALIZED_AUTOS = YES_AGGRESSIVE;
				GCC_WARN_UNUSED_FUNCTION = YES;
				GCC_WARN_UNUSED_VARIABLE = YES;
				IPHONEOS_DEPLOYMENT_TARGET = 16.1;
				MTL_ENABLE_DEBUG_INFO = INCLUDE_SOURCE;
				MTL_FAST_MATH = YES;
				ONLY_ACTIVE_ARCH = YES;
				SDKROOT = iphoneos;
				SWIFT_ACTIVE_COMPILATION_CONDITIONS = DEBUG;
				SWIFT_OPTIMIZATION_LEVEL = "-Onone";
			};
			name = Debug;
		};
		53D38E56292235E1008F3C69 /* Release */ = {
			isa = XCBuildConfiguration;
			buildSettings = {
				ALWAYS_SEARCH_USER_PATHS = NO;
				CLANG_ANALYZER_NONNULL = YES;
				CLANG_ANALYZER_NUMBER_OBJECT_CONVERSION = YES_AGGRESSIVE;
				CLANG_CXX_LANGUAGE_STANDARD = "gnu++20";
				CLANG_ENABLE_MODULES = YES;
				CLANG_ENABLE_OBJC_ARC = YES;
				CLANG_ENABLE_OBJC_WEAK = YES;
				CLANG_WARN_BLOCK_CAPTURE_AUTORELEASING = YES;
				CLANG_WARN_BOOL_CONVERSION = YES;
				CLANG_WARN_COMMA = YES;
				CLANG_WARN_CONSTANT_CONVERSION = YES;
				CLANG_WARN_DEPRECATED_OBJC_IMPLEMENTATIONS = YES;
				CLANG_WARN_DIRECT_OBJC_ISA_USAGE = YES_ERROR;
				CLANG_WARN_DOCUMENTATION_COMMENTS = YES;
				CLANG_WARN_EMPTY_BODY = YES;
				CLANG_WARN_ENUM_CONVERSION = YES;
				CLANG_WARN_INFINITE_RECURSION = YES;
				CLANG_WARN_INT_CONVERSION = YES;
				CLANG_WARN_NON_LITERAL_NULL_CONVERSION = YES;
				CLANG_WARN_OBJC_IMPLICIT_RETAIN_SELF = YES;
				CLANG_WARN_OBJC_LITERAL_CONVERSION = YES;
				CLANG_WARN_OBJC_ROOT_CLASS = YES_ERROR;
				CLANG_WARN_QUOTED_INCLUDE_IN_FRAMEWORK_HEADER = YES;
				CLANG_WARN_RANGE_LOOP_ANALYSIS = YES;
				CLANG_WARN_STRICT_PROTOTYPES = YES;
				CLANG_WARN_SUSPICIOUS_MOVE = YES;
				CLANG_WARN_UNGUARDED_AVAILABILITY = YES_AGGRESSIVE;
				CLANG_WARN_UNREACHABLE_CODE = YES;
				CLANG_WARN__DUPLICATE_METHOD_MATCH = YES;
				COPY_PHASE_STRIP = NO;
				DEBUG_INFORMATION_FORMAT = "dwarf-with-dsym";
				ENABLE_NS_ASSERTIONS = NO;
				ENABLE_STRICT_OBJC_MSGSEND = YES;
				GCC_C_LANGUAGE_STANDARD = gnu11;
				GCC_NO_COMMON_BLOCKS = YES;
				GCC_WARN_64_TO_32_BIT_CONVERSION = YES;
				GCC_WARN_ABOUT_RETURN_TYPE = YES_ERROR;
				GCC_WARN_UNDECLARED_SELECTOR = YES;
				GCC_WARN_UNINITIALIZED_AUTOS = YES_AGGRESSIVE;
				GCC_WARN_UNUSED_FUNCTION = YES;
				GCC_WARN_UNUSED_VARIABLE = YES;
				IPHONEOS_DEPLOYMENT_TARGET = 16.1;
				MTL_ENABLE_DEBUG_INFO = NO;
				MTL_FAST_MATH = YES;
				SDKROOT = iphoneos;
				SWIFT_COMPILATION_MODE = wholemodule;
				SWIFT_OPTIMIZATION_LEVEL = "-O";
				VALIDATE_PRODUCT = YES;
			};
			name = Release;
		};
		53D38E58292235E1008F3C69 /* Debug */ = {
			isa = XCBuildConfiguration;
			buildSettings = {
				ASSETCATALOG_COMPILER_APPICON_NAME = AppIcon;
				ASSETCATALOG_COMPILER_GLOBAL_ACCENT_COLOR_NAME = AccentColor;
				CODE_SIGN_STYLE = Automatic;
				CURRENT_PROJECT_VERSION = 1;
				DEVELOPMENT_ASSET_PATHS = "\"TCA_Practice/Preview Content\"";
				DEVELOPMENT_TEAM = 79WK37N5M5;
				ENABLE_PREVIEWS = YES;
				GENERATE_INFOPLIST_FILE = YES;
				INFOPLIST_FILE = "TCA-Practice-Info.plist";
				INFOPLIST_KEY_UIApplicationSceneManifest_Generation = YES;
				INFOPLIST_KEY_UIApplicationSupportsIndirectInputEvents = YES;
				INFOPLIST_KEY_UILaunchScreen_Generation = YES;
				INFOPLIST_KEY_UISupportedInterfaceOrientations_iPad = "UIInterfaceOrientationPortrait UIInterfaceOrientationPortraitUpsideDown UIInterfaceOrientationLandscapeLeft UIInterfaceOrientationLandscapeRight";
				INFOPLIST_KEY_UISupportedInterfaceOrientations_iPhone = "UIInterfaceOrientationPortrait UIInterfaceOrientationLandscapeLeft UIInterfaceOrientationLandscapeRight";
				LD_RUNPATH_SEARCH_PATHS = (
					"$(inherited)",
					"@executable_path/Frameworks",
				);
				MARKETING_VERSION = 1.0;
				PRODUCT_BUNDLE_IDENTIFIER = "com.sunwoo.TCA-Practice";
				PRODUCT_NAME = "$(TARGET_NAME)";
				SWIFT_EMIT_LOC_STRINGS = YES;
				SWIFT_VERSION = 5.0;
				TARGETED_DEVICE_FAMILY = "1,2";
			};
			name = Debug;
		};
		53D38E59292235E1008F3C69 /* Release */ = {
			isa = XCBuildConfiguration;
			buildSettings = {
				ASSETCATALOG_COMPILER_APPICON_NAME = AppIcon;
				ASSETCATALOG_COMPILER_GLOBAL_ACCENT_COLOR_NAME = AccentColor;
				CODE_SIGN_STYLE = Automatic;
				CURRENT_PROJECT_VERSION = 1;
				DEVELOPMENT_ASSET_PATHS = "\"TCA_Practice/Preview Content\"";
				DEVELOPMENT_TEAM = 79WK37N5M5;
				ENABLE_PREVIEWS = YES;
				GENERATE_INFOPLIST_FILE = YES;
				INFOPLIST_FILE = "TCA-Practice-Info.plist";
				INFOPLIST_KEY_UIApplicationSceneManifest_Generation = YES;
				INFOPLIST_KEY_UIApplicationSupportsIndirectInputEvents = YES;
				INFOPLIST_KEY_UILaunchScreen_Generation = YES;
				INFOPLIST_KEY_UISupportedInterfaceOrientations_iPad = "UIInterfaceOrientationPortrait UIInterfaceOrientationPortraitUpsideDown UIInterfaceOrientationLandscapeLeft UIInterfaceOrientationLandscapeRight";
				INFOPLIST_KEY_UISupportedInterfaceOrientations_iPhone = "UIInterfaceOrientationPortrait UIInterfaceOrientationLandscapeLeft UIInterfaceOrientationLandscapeRight";
				LD_RUNPATH_SEARCH_PATHS = (
					"$(inherited)",
					"@executable_path/Frameworks",
				);
				MARKETING_VERSION = 1.0;
				PRODUCT_BUNDLE_IDENTIFIER = "com.sunwoo.TCA-Practice";
				PRODUCT_NAME = "$(TARGET_NAME)";
				SWIFT_EMIT_LOC_STRINGS = YES;
				SWIFT_VERSION = 5.0;
				TARGETED_DEVICE_FAMILY = "1,2";
			};
			name = Release;
		};
/* End XCBuildConfiguration section */

/* Begin XCConfigurationList section */
		53D38E44292235E0008F3C69 /* Build configuration list for PBXProject "TCA_Practice" */ = {
			isa = XCConfigurationList;
			buildConfigurations = (
				53D38E55292235E1008F3C69 /* Debug */,
				53D38E56292235E1008F3C69 /* Release */,
			);
			defaultConfigurationIsVisible = 0;
			defaultConfigurationName = Release;
		};
		53D38E57292235E1008F3C69 /* Build configuration list for PBXNativeTarget "TCA_Practice" */ = {
			isa = XCConfigurationList;
			buildConfigurations = (
				53D38E58292235E1008F3C69 /* Debug */,
				53D38E59292235E1008F3C69 /* Release */,
			);
			defaultConfigurationIsVisible = 0;
			defaultConfigurationName = Release;
		};
/* End XCConfigurationList section */

/* Begin XCRemoteSwiftPackageReference section */
		53D38E5C2923CFE9008F3C69 /* XCRemoteSwiftPackageReference "swift-composable-architecture" */ = {
			isa = XCRemoteSwiftPackageReference;
			repositoryURL = "https://github.com/pointfreeco/swift-composable-architecture";
			requirement = {
				branch = main;
				kind = branch;
			};
		};
/* End XCRemoteSwiftPackageReference section */

/* Begin XCSwiftPackageProductDependency section */
		53D38E5D2923CFE9008F3C69 /* ComposableArchitecture */ = {
			isa = XCSwiftPackageProductDependency;
			package = 53D38E5C2923CFE9008F3C69 /* XCRemoteSwiftPackageReference "swift-composable-architecture" */;
			productName = ComposableArchitecture;
		};
		53D38E5F2923CFE9008F3C69 /* Dependencies */ = {
			isa = XCSwiftPackageProductDependency;
			package = 53D38E5C2923CFE9008F3C69 /* XCRemoteSwiftPackageReference "swift-composable-architecture" */;
			productName = Dependencies;
		};
/* End XCSwiftPackageProductDependency section */
	};
	rootObject = 53D38E41292235E0008F3C69 /* Project object */;
}
